// !$*UTF8*$!
{
	archiveVersion = 1;
	classes = {
	};
	objectVersion = 50;
	objects = {

/* Begin PBXBuildFile section */
		3C500B8B2206C88000173682 /* AppDelegate.swift in Sources */ = {isa = PBXBuildFile; fileRef = 3C500B8A2206C88000173682 /* AppDelegate.swift */; };
		3C500B8D2206C88000173682 /* reminderView.swift in Sources */ = {isa = PBXBuildFile; fileRef = 3C500B8C2206C88000173682 /* reminderView.swift */; };
		3C500B922206C88700173682 /* Assets.xcassets in Resources */ = {isa = PBXBuildFile; fileRef = 3C500B912206C88700173682 /* Assets.xcassets */; };
		3C500BA02206C88700173682 /* Meal_ReminderTests.swift in Sources */ = {isa = PBXBuildFile; fileRef = 3C500B9F2206C88700173682 /* Meal_ReminderTests.swift */; };
		3C500BAB2206C88700173682 /* Meal_ReminderUITests.swift in Sources */ = {isa = PBXBuildFile; fileRef = 3C500BAA2206C88700173682 /* Meal_ReminderUITests.swift */; };
		B689A815B8754FF304179215 /* Pods_Meal_Reminder.framework in Frameworks */ = {isa = PBXBuildFile; fileRef = 563A48D0D33D3C262D4172E9 /* Pods_Meal_Reminder.framework */; };
/* End PBXBuildFile section */

/* Begin PBXContainerItemProxy section */
		3C500B9C2206C88700173682 /* PBXContainerItemProxy */ = {
			isa = PBXContainerItemProxy;
			containerPortal = 3C500B7F2206C88000173682 /* Project object */;
			proxyType = 1;
			remoteGlobalIDString = 3C500B862206C88000173682;
			remoteInfo = "Meal Reminder";
		};
		3C500BA72206C88700173682 /* PBXContainerItemProxy */ = {
			isa = PBXContainerItemProxy;
			containerPortal = 3C500B7F2206C88000173682 /* Project object */;
			proxyType = 1;
			remoteGlobalIDString = 3C500B862206C88000173682;
			remoteInfo = "Meal Reminder";
		};
/* End PBXContainerItemProxy section */

/* Begin PBXFileReference section */
		3C500B872206C88000173682 /* Meal Reminder.app */ = {isa = PBXFileReference; explicitFileType = wrapper.application; includeInIndex = 0; path = "Meal Reminder.app"; sourceTree = BUILT_PRODUCTS_DIR; };
		3C500B8A2206C88000173682 /* AppDelegate.swift */ = {isa = PBXFileReference; lastKnownFileType = sourcecode.swift; path = AppDelegate.swift; sourceTree = "<group>"; };
		3C500B8C2206C88000173682 /* reminderView.swift */ = {isa = PBXFileReference; lastKnownFileType = sourcecode.swift; path = reminderView.swift; sourceTree = "<group>"; };
		3C500B912206C88700173682 /* Assets.xcassets */ = {isa = PBXFileReference; lastKnownFileType = folder.assetcatalog; path = Assets.xcassets; sourceTree = "<group>"; };
		3C500B962206C88700173682 /* Info.plist */ = {isa = PBXFileReference; lastKnownFileType = text.plist.xml; path = Info.plist; sourceTree = "<group>"; };
		3C500B9B2206C88700173682 /* Meal ReminderTests.xctest */ = {isa = PBXFileReference; explicitFileType = wrapper.cfbundle; includeInIndex = 0; path = "Meal ReminderTests.xctest"; sourceTree = BUILT_PRODUCTS_DIR; };
		3C500B9F2206C88700173682 /* Meal_ReminderTests.swift */ = {isa = PBXFileReference; lastKnownFileType = sourcecode.swift; path = Meal_ReminderTests.swift; sourceTree = "<group>"; };
		3C500BA12206C88700173682 /* Info.plist */ = {isa = PBXFileReference; lastKnownFileType = text.plist.xml; path = Info.plist; sourceTree = "<group>"; };
		3C500BA62206C88700173682 /* Meal ReminderUITests.xctest */ = {isa = PBXFileReference; explicitFileType = wrapper.cfbundle; includeInIndex = 0; path = "Meal ReminderUITests.xctest"; sourceTree = BUILT_PRODUCTS_DIR; };
		3C500BAA2206C88700173682 /* Meal_ReminderUITests.swift */ = {isa = PBXFileReference; lastKnownFileType = sourcecode.swift; path = Meal_ReminderUITests.swift; sourceTree = "<group>"; };
		3C500BAC2206C88700173682 /* Info.plist */ = {isa = PBXFileReference; lastKnownFileType = text.plist.xml; path = Info.plist; sourceTree = "<group>"; };
		563A48D0D33D3C262D4172E9 /* Pods_Meal_Reminder.framework */ = {isa = PBXFileReference; explicitFileType = wrapper.framework; includeInIndex = 0; path = Pods_Meal_Reminder.framework; sourceTree = BUILT_PRODUCTS_DIR; };
		682DC75744581A6D2CBD8D68 /* Pods-Meal Reminder.debug.xcconfig */ = {isa = PBXFileReference; includeInIndex = 1; lastKnownFileType = text.xcconfig; name = "Pods-Meal Reminder.debug.xcconfig"; path = "Pods/Target Support Files/Pods-Meal Reminder/Pods-Meal Reminder.debug.xcconfig"; sourceTree = "<group>"; };
		C6A40C339F9040883F580A18 /* Pods-Meal Reminder.release.xcconfig */ = {isa = PBXFileReference; includeInIndex = 1; lastKnownFileType = text.xcconfig; name = "Pods-Meal Reminder.release.xcconfig"; path = "Pods/Target Support Files/Pods-Meal Reminder/Pods-Meal Reminder.release.xcconfig"; sourceTree = "<group>"; };
/* End PBXFileReference section */

/* Begin PBXFrameworksBuildPhase section */
		3C500B842206C88000173682 /* Frameworks */ = {
			isa = PBXFrameworksBuildPhase;
			buildActionMask = 2147483647;
			files = (
				B689A815B8754FF304179215 /* Pods_Meal_Reminder.framework in Frameworks */,
			);
			runOnlyForDeploymentPostprocessing = 0;
		};
		3C500B982206C88700173682 /* Frameworks */ = {
			isa = PBXFrameworksBuildPhase;
			buildActionMask = 2147483647;
			files = (
			);
			runOnlyForDeploymentPostprocessing = 0;
		};
		3C500BA32206C88700173682 /* Frameworks */ = {
			isa = PBXFrameworksBuildPhase;
			buildActionMask = 2147483647;
			files = (
			);
			runOnlyForDeploymentPostprocessing = 0;
		};
/* End PBXFrameworksBuildPhase section */

/* Begin PBXGroup section */
		3C500B7E2206C88000173682 = {
			isa = PBXGroup;
			children = (
				3C500B892206C88000173682 /* Meal Reminder */,
				3C500B9E2206C88700173682 /* Meal ReminderTests */,
				3C500BA92206C88700173682 /* Meal ReminderUITests */,
				3C500B882206C88000173682 /* Products */,
				AAADACC2AE8A7EF9116A7810 /* Pods */,
				D0568D6FF4DAC581B5B55AF4 /* Frameworks */,
			);
			sourceTree = "<group>";
		};
		3C500B882206C88000173682 /* Products */ = {
			isa = PBXGroup;
			children = (
				3C500B872206C88000173682 /* Meal Reminder.app */,
				3C500B9B2206C88700173682 /* Meal ReminderTests.xctest */,
				3C500BA62206C88700173682 /* Meal ReminderUITests.xctest */,
			);
			name = Products;
			sourceTree = "<group>";
		};
		3C500B892206C88000173682 /* Meal Reminder */ = {
			isa = PBXGroup;
			children = (
				3C500B8A2206C88000173682 /* AppDelegate.swift */,
				3C500B8C2206C88000173682 /* reminderView.swift */,
				3C500B912206C88700173682 /* Assets.xcassets */,
				3C500B962206C88700173682 /* Info.plist */,
			);
			path = "Meal Reminder";
			sourceTree = "<group>";
		};
		3C500B9E2206C88700173682 /* Meal ReminderTests */ = {
			isa = PBXGroup;
			children = (
				3C500B9F2206C88700173682 /* Meal_ReminderTests.swift */,
				3C500BA12206C88700173682 /* Info.plist */,
			);
			path = "Meal ReminderTests";
			sourceTree = "<group>";
		};
		3C500BA92206C88700173682 /* Meal ReminderUITests */ = {
			isa = PBXGroup;
			children = (
				3C500BAA2206C88700173682 /* Meal_ReminderUITests.swift */,
				3C500BAC2206C88700173682 /* Info.plist */,
			);
			path = "Meal ReminderUITests";
			sourceTree = "<group>";
		};
		AAADACC2AE8A7EF9116A7810 /* Pods */ = {
			isa = PBXGroup;
			children = (
				682DC75744581A6D2CBD8D68 /* Pods-Meal Reminder.debug.xcconfig */,
				C6A40C339F9040883F580A18 /* Pods-Meal Reminder.release.xcconfig */,
			);
			name = Pods;
			sourceTree = "<group>";
		};
		D0568D6FF4DAC581B5B55AF4 /* Frameworks */ = {
			isa = PBXGroup;
			children = (
				563A48D0D33D3C262D4172E9 /* Pods_Meal_Reminder.framework */,
			);
			name = Frameworks;
			sourceTree = "<group>";
		};
/* End PBXGroup section */

/* Begin PBXNativeTarget section */
		3C500B862206C88000173682 /* Meal Reminder */ = {
			isa = PBXNativeTarget;
			buildConfigurationList = 3C500BAF2206C88700173682 /* Build configuration list for PBXNativeTarget "Meal Reminder" */;
			buildPhases = (
				24EF7F931AF80CF3CF3CB60C /* [CP] Check Pods Manifest.lock */,
				3C500B832206C88000173682 /* Sources */,
				3C500B842206C88000173682 /* Frameworks */,
				3C500B852206C88000173682 /* Resources */,
				C4C2664322AE271BE76D55B3 /* [CP] Embed Pods Frameworks */,
			);
			buildRules = (
			);
			dependencies = (
			);
			name = "Meal Reminder";
			productName = "Meal Reminder";
			productReference = 3C500B872206C88000173682 /* Meal Reminder.app */;
			productType = "com.apple.product-type.application";
		};
		3C500B9A2206C88700173682 /* Meal ReminderTests */ = {
			isa = PBXNativeTarget;
			buildConfigurationList = 3C500BB22206C88700173682 /* Build configuration list for PBXNativeTarget "Meal ReminderTests" */;
			buildPhases = (
				3C500B972206C88700173682 /* Sources */,
				3C500B982206C88700173682 /* Frameworks */,
				3C500B992206C88700173682 /* Resources */,
			);
			buildRules = (
			);
			dependencies = (
				3C500B9D2206C88700173682 /* PBXTargetDependency */,
			);
			name = "Meal ReminderTests";
			productName = "Meal ReminderTests";
			productReference = 3C500B9B2206C88700173682 /* Meal ReminderTests.xctest */;
			productType = "com.apple.product-type.bundle.unit-test";
		};
		3C500BA52206C88700173682 /* Meal ReminderUITests */ = {
			isa = PBXNativeTarget;
			buildConfigurationList = 3C500BB52206C88700173682 /* Build configuration list for PBXNativeTarget "Meal ReminderUITests" */;
			buildPhases = (
				3C500BA22206C88700173682 /* Sources */,
				3C500BA32206C88700173682 /* Frameworks */,
				3C500BA42206C88700173682 /* Resources */,
			);
			buildRules = (
			);
			dependencies = (
				3C500BA82206C88700173682 /* PBXTargetDependency */,
			);
			name = "Meal ReminderUITests";
			productName = "Meal ReminderUITests";
			productReference = 3C500BA62206C88700173682 /* Meal ReminderUITests.xctest */;
			productType = "com.apple.product-type.bundle.ui-testing";
		};
/* End PBXNativeTarget section */

/* Begin PBXProject section */
		3C500B7F2206C88000173682 /* Project object */ = {
			isa = PBXProject;
			attributes = {
				LastSwiftUpdateCheck = 1010;
				LastUpgradeCheck = 1010;
				ORGANIZATIONNAME = "Yash Walia";
				TargetAttributes = {
					3C500B862206C88000173682 = {
						CreatedOnToolsVersion = 10.1;
					};
					3C500B9A2206C88700173682 = {
						CreatedOnToolsVersion = 10.1;
						TestTargetID = 3C500B862206C88000173682;
					};
					3C500BA52206C88700173682 = {
						CreatedOnToolsVersion = 10.1;
						TestTargetID = 3C500B862206C88000173682;
					};
				};
			};
			buildConfigurationList = 3C500B822206C88000173682 /* Build configuration list for PBXProject "Meal Reminder" */;
			compatibilityVersion = "Xcode 9.3";
			developmentRegion = en;
			hasScannedForEncodings = 0;
			knownRegions = (
				en,
				Base,
			);
			mainGroup = 3C500B7E2206C88000173682;
			productRefGroup = 3C500B882206C88000173682 /* Products */;
			projectDirPath = "";
			projectRoot = "";
			targets = (
				3C500B862206C88000173682 /* Meal Reminder */,
				3C500B9A2206C88700173682 /* Meal ReminderTests */,
				3C500BA52206C88700173682 /* Meal ReminderUITests */,
			);
		};
/* End PBXProject section */

/* Begin PBXResourcesBuildPhase section */
		3C500B852206C88000173682 /* Resources */ = {
			isa = PBXResourcesBuildPhase;
			buildActionMask = 2147483647;
			files = (
				3C500B922206C88700173682 /* Assets.xcassets in Resources */,
			);
			runOnlyForDeploymentPostprocessing = 0;
		};
		3C500B992206C88700173682 /* Resources */ = {
			isa = PBXResourcesBuildPhase;
			buildActionMask = 2147483647;
			files = (
			);
			runOnlyForDeploymentPostprocessing = 0;
		};
		3C500BA42206C88700173682 /* Resources */ = {
			isa = PBXResourcesBuildPhase;
			buildActionMask = 2147483647;
			files = (
			);
			runOnlyForDeploymentPostprocessing = 0;
		};
/* End PBXResourcesBuildPhase section */

/* Begin PBXShellScriptBuildPhase section */
		24EF7F931AF80CF3CF3CB60C /* [CP] Check Pods Manifest.lock */ = {
			isa = PBXShellScriptBuildPhase;
			buildActionMask = 2147483647;
			files = (
			);
			inputFileListPaths = (
			);
			inputPaths = (
				"${PODS_PODFILE_DIR_PATH}/Podfile.lock",
				"${PODS_ROOT}/Manifest.lock",
			);
			name = "[CP] Check Pods Manifest.lock";
			outputFileListPaths = (
			);
			outputPaths = (
				"$(DERIVED_FILE_DIR)/Pods-Meal Reminder-checkManifestLockResult.txt",
			);
			runOnlyForDeploymentPostprocessing = 0;
			shellPath = /bin/sh;
			shellScript = "diff \"${PODS_PODFILE_DIR_PATH}/Podfile.lock\" \"${PODS_ROOT}/Manifest.lock\" > /dev/null\nif [ $? != 0 ] ; then\n    # print error to STDERR\n    echo \"error: The sandbox is not in sync with the Podfile.lock. Run 'pod install' or update your CocoaPods installation.\" >&2\n    exit 1\nfi\n# This output is used by Xcode 'outputs' to avoid re-running this script phase.\necho \"SUCCESS\" > \"${SCRIPT_OUTPUT_FILE_0}\"\n";
			showEnvVarsInLog = 0;
		};
		C4C2664322AE271BE76D55B3 /* [CP] Embed Pods Frameworks */ = {
			isa = PBXShellScriptBuildPhase;
			buildActionMask = 2147483647;
			files = (
			);
			inputFileListPaths = (
			);
			inputPaths = (
				"${SRCROOT}/Pods/Target Support Files/Pods-Meal Reminder/Pods-Meal Reminder-frameworks.sh",
				"${BUILT_PRODUCTS_DIR}/Alamofire/Alamofire.framework",
				"${BUILT_PRODUCTS_DIR}/SwiftyJSON/SwiftyJSON.framework",
			);
			name = "[CP] Embed Pods Frameworks";
			outputFileListPaths = (
			);
			outputPaths = (
				"${TARGET_BUILD_DIR}/${FRAMEWORKS_FOLDER_PATH}/Alamofire.framework",
				"${TARGET_BUILD_DIR}/${FRAMEWORKS_FOLDER_PATH}/SwiftyJSON.framework",
			);
			runOnlyForDeploymentPostprocessing = 0;
			shellPath = /bin/sh;
			shellScript = "\"${SRCROOT}/Pods/Target Support Files/Pods-Meal Reminder/Pods-Meal Reminder-frameworks.sh\"\n";
			showEnvVarsInLog = 0;
		};
/* End PBXShellScriptBuildPhase section */

/* Begin PBXSourcesBuildPhase section */
		3C500B832206C88000173682 /* Sources */ = {
			isa = PBXSourcesBuildPhase;
			buildActionMask = 2147483647;
			files = (
				3C500B8D2206C88000173682 /* reminderView.swift in Sources */,
				3C500B8B2206C88000173682 /* AppDelegate.swift in Sources */,
			);
			runOnlyForDeploymentPostprocessing = 0;
		};
		3C500B972206C88700173682 /* Sources */ = {
			isa = PBXSourcesBuildPhase;
			buildActionMask = 2147483647;
			files = (
				3C500BA02206C88700173682 /* Meal_ReminderTests.swift in Sources */,
			);
			runOnlyForDeploymentPostprocessing = 0;
		};
		3C500BA22206C88700173682 /* Sources */ = {
			isa = PBXSourcesBuildPhase;
			buildActionMask = 2147483647;
			files = (
				3C500BAB2206C88700173682 /* Meal_ReminderUITests.swift in Sources */,
			);
			runOnlyForDeploymentPostprocessing = 0;
		};
/* End PBXSourcesBuildPhase section */

/* Begin PBXTargetDependency section */
		3C500B9D2206C88700173682 /* PBXTargetDependency */ = {
			isa = PBXTargetDependency;
			target = 3C500B862206C88000173682 /* Meal Reminder */;
			targetProxy = 3C500B9C2206C88700173682 /* PBXContainerItemProxy */;
		};
		3C500BA82206C88700173682 /* PBXTargetDependency */ = {
			isa = PBXTargetDependency;
			target = 3C500B862206C88000173682 /* Meal Reminder */;
			targetProxy = 3C500BA72206C88700173682 /* PBXContainerItemProxy */;
		};
/* End PBXTargetDependency section */

/* Begin XCBuildConfiguration section */
		3C500BAD2206C88700173682 /* Debug */ = {
			isa = XCBuildConfiguration;
			buildSettings = {
				ALWAYS_SEARCH_USER_PATHS = NO;
				CLANG_ANALYZER_NONNULL = YES;
				CLANG_ANALYZER_NUMBER_OBJECT_CONVERSION = YES_AGGRESSIVE;
				CLANG_CXX_LANGUAGE_STANDARD = "gnu++14";
				CLANG_CXX_LIBRARY = "libc++";
				CLANG_ENABLE_MODULES = YES;
				CLANG_ENABLE_OBJC_ARC = YES;
				CLANG_ENABLE_OBJC_WEAK = YES;
				CLANG_WARN_BLOCK_CAPTURE_AUTORELEASING = YES;
				CLANG_WARN_BOOL_CONVERSION = YES;
				CLANG_WARN_COMMA = YES;
				CLANG_WARN_CONSTANT_CONVERSION = YES;
				CLANG_WARN_DEPRECATED_OBJC_IMPLEMENTATIONS = YES;
				CLANG_WARN_DIRECT_OBJC_ISA_USAGE = YES_ERROR;
				CLANG_WARN_DOCUMENTATION_COMMENTS = YES;
				CLANG_WARN_EMPTY_BODY = YES;
				CLANG_WARN_ENUM_CONVERSION = YES;
				CLANG_WARN_INFINITE_RECURSION = YES;
				CLANG_WARN_INT_CONVERSION = YES;
				CLANG_WARN_NON_LITERAL_NULL_CONVERSION = YES;
				CLANG_WARN_OBJC_IMPLICIT_RETAIN_SELF = YES;
				CLANG_WARN_OBJC_LITERAL_CONVERSION = YES;
				CLANG_WARN_OBJC_ROOT_CLASS = YES_ERROR;
				CLANG_WARN_RANGE_LOOP_ANALYSIS = YES;
				CLANG_WARN_STRICT_PROTOTYPES = YES;
				CLANG_WARN_SUSPICIOUS_MOVE = YES;
				CLANG_WARN_UNGUARDED_AVAILABILITY = YES_AGGRESSIVE;
				CLANG_WARN_UNREACHABLE_CODE = YES;
				CLANG_WARN__DUPLICATE_METHOD_MATCH = YES;
				CODE_SIGN_IDENTITY = "iPhone Developer";
				COPY_PHASE_STRIP = NO;
				DEBUG_INFORMATION_FORMAT = dwarf;
				ENABLE_STRICT_OBJC_MSGSEND = YES;
				ENABLE_TESTABILITY = YES;
				GCC_C_LANGUAGE_STANDARD = gnu11;
				GCC_DYNAMIC_NO_PIC = NO;
				GCC_NO_COMMON_BLOCKS = YES;
				GCC_OPTIMIZATION_LEVEL = 0;
				GCC_PREPROCESSOR_DEFINITIONS = (
					"DEBUG=1",
					"$(inherited)",
				);
				GCC_WARN_64_TO_32_BIT_CONVERSION = YES;
				GCC_WARN_ABOUT_RETURN_TYPE = YES_ERROR;
				GCC_WARN_UNDECLARED_SELECTOR = YES;
				GCC_WARN_UNINITIALIZED_AUTOS = YES_AGGRESSIVE;
				GCC_WARN_UNUSED_FUNCTION = YES;
				GCC_WARN_UNUSED_VARIABLE = YES;
				IPHONEOS_DEPLOYMENT_TARGET = 12.1;
				MTL_ENABLE_DEBUG_INFO = INCLUDE_SOURCE;
				MTL_FAST_MATH = YES;
				ONLY_ACTIVE_ARCH = YES;
				SDKROOT = iphoneos;
				SWIFT_ACTIVE_COMPILATION_CONDITIONS = DEBUG;
				SWIFT_OPTIMIZATION_LEVEL = "-Onone";
			};
			name = Debug;
		};
		3C500BAE2206C88700173682 /* Release */ = {
			isa = XCBuildConfiguration;
			buildSettings = {
				ALWAYS_SEARCH_USER_PATHS = NO;
				CLANG_ANALYZER_NONNULL = YES;
				CLANG_ANALYZER_NUMBER_OBJECT_CONVERSION = YES_AGGRESSIVE;
				CLANG_CXX_LANGUAGE_STANDARD = "gnu++14";
				CLANG_CXX_LIBRARY = "libc++";
				CLANG_ENABLE_MODULES = YES;
				CLANG_ENABLE_OBJC_ARC = YES;
				CLANG_ENABLE_OBJC_WEAK = YES;
				CLANG_WARN_BLOCK_CAPTURE_AUTORELEASING = YES;
				CLANG_WARN_BOOL_CONVERSION = YES;
				CLANG_WARN_COMMA = YES;
				CLANG_WARN_CONSTANT_CONVERSION = YES;
				CLANG_WARN_DEPRECATED_OBJC_IMPLEMENTATIONS = YES;
				CLANG_WARN_DIRECT_OBJC_ISA_USAGE = YES_ERROR;
				CLANG_WARN_DOCUMENTATION_COMMENTS = YES;
				CLANG_WARN_EMPTY_BODY = YES;
				CLANG_WARN_ENUM_CONVERSION = YES;
				CLANG_WARN_INFINITE_RECURSION = YES;
				CLANG_WARN_INT_CONVERSION = YES;
				CLANG_WARN_NON_LITERAL_NULL_CONVERSION = YES;
				CLANG_WARN_OBJC_IMPLICIT_RETAIN_SELF = YES;
				CLANG_WARN_OBJC_LITERAL_CONVERSION = YES;
				CLANG_WARN_OBJC_ROOT_CLASS = YES_ERROR;
				CLANG_WARN_RANGE_LOOP_ANALYSIS = YES;
				CLANG_WARN_STRICT_PROTOTYPES = YES;
				CLANG_WARN_SUSPICIOUS_MOVE = YES;
				CLANG_WARN_UNGUARDED_AVAILABILITY = YES_AGGRESSIVE;
				CLANG_WARN_UNREACHABLE_CODE = YES;
				CLANG_WARN__DUPLICATE_METHOD_MATCH = YES;
				CODE_SIGN_IDENTITY = "iPhone Developer";
				COPY_PHASE_STRIP = NO;
				DEBUG_INFORMATION_FORMAT = "dwarf-with-dsym";
				ENABLE_NS_ASSERTIONS = NO;
				ENABLE_STRICT_OBJC_MSGSEND = YES;
				GCC_C_LANGUAGE_STANDARD = gnu11;
				GCC_NO_COMMON_BLOCKS = YES;
				GCC_WARN_64_TO_32_BIT_CONVERSION = YES;
				GCC_WARN_ABOUT_RETURN_TYPE = YES_ERROR;
				GCC_WARN_UNDECLARED_SELECTOR = YES;
				GCC_WARN_UNINITIALIZED_AUTOS = YES_AGGRESSIVE;
				GCC_WARN_UNUSED_FUNCTION = YES;
				GCC_WARN_UNUSED_VARIABLE = YES;
				IPHONEOS_DEPLOYMENT_TARGET = 12.1;
				MTL_ENABLE_DEBUG_INFO = NO;
				MTL_FAST_MATH = YES;
				SDKROOT = iphoneos;
				SWIFT_COMPILATION_MODE = wholemodule;
				SWIFT_OPTIMIZATION_LEVEL = "-O";
				VALIDATE_PRODUCT = YES;
			};
			name = Release;
		};
		3C500BB02206C88700173682 /* Debug */ = {
			isa = XCBuildConfiguration;
			baseConfigurationReference = 682DC75744581A6D2CBD8D68 /* Pods-Meal Reminder.debug.xcconfig */;
			buildSettings = {
				ASSETCATALOG_COMPILER_APPICON_NAME = AppIcon;
				CODE_SIGN_STYLE = Automatic;
				INFOPLIST_FILE = "Meal Reminder/Info.plist";
				LD_RUNPATH_SEARCH_PATHS = (
					"$(inherited)",
					"@executable_path/Frameworks",
				);
				PRODUCT_BUNDLE_IDENTIFIER = "yash.com.Meal-Reminder";
				PRODUCT_NAME = "$(TARGET_NAME)";
				SWIFT_VERSION = 4.2;
				TARGETED_DEVICE_FAMILY = "1,2";
			};
			name = Debug;
		};
		3C500BB12206C88700173682 /* Release */ = {
			isa = XCBuildConfiguration;
			baseConfigurationReference = C6A40C339F9040883F580A18 /* Pods-Meal Reminder.release.xcconfig */;
			buildSettings = {
				ASSETCATALOG_COMPILER_APPICON_NAME = AppIcon;
				CODE_SIGN_STYLE = Automatic;
				INFOPLIST_FILE = "Meal Reminder/Info.plist";
				LD_RUNPATH_SEARCH_PATHS = (
					"$(inherited)",
					"@executable_path/Frameworks",
				);
				PRODUCT_BUNDLE_IDENTIFIER = "yash.com.Meal-Reminder";
				PRODUCT_NAME = "$(TARGET_NAME)";
				SWIFT_VERSION = 4.2;
				TARGETED_DEVICE_FAMILY = "1,2";
			};
			name = Release;
		};
		3C500BB32206C88700173682 /* Debug */ = {
			isa = XCBuildConfiguration;
			buildSettings = {
				ALWAYS_EMBED_SWIFT_STANDARD_LIBRARIES = YES;
				BUNDLE_LOADER = "$(TEST_HOST)";
				CODE_SIGN_STYLE = Automatic;
				INFOPLIST_FILE = "Meal ReminderTests/Info.plist";
				LD_RUNPATH_SEARCH_PATHS = (
					"$(inherited)",
					"@executable_path/Frameworks",
					"@loader_path/Frameworks",
				);
				PRODUCT_BUNDLE_IDENTIFIER = "yash.com.Meal-ReminderTests";
				PRODUCT_NAME = "$(TARGET_NAME)";
				SWIFT_VERSION = 4.2;
				TARGETED_DEVICE_FAMILY = "1,2";
				TEST_HOST = "$(BUILT_PRODUCTS_DIR)/Meal Reminder.app/Meal Reminder";
			};
			name = Debug;
		};
		3C500BB42206C88700173682 /* Release */ = {
			isa = XCBuildConfiguration;
			buildSettings = {
				ALWAYS_EMBED_SWIFT_STANDARD_LIBRARIES = YES;
				BUNDLE_LOADER = "$(TEST_HOST)";
				CODE_SIGN_STYLE = Automatic;
				INFOPLIST_FILE = "Meal ReminderTests/Info.plist";
				LD_RUNPATH_SEARCH_PATHS = (
					"$(inherited)",
					"@executable_path/Frameworks",
					"@loader_path/Frameworks",
				);
				PRODUCT_BUNDLE_IDENTIFIER = "yash.com.Meal-ReminderTests";
				PRODUCT_NAME = "$(TARGET_NAME)";
				SWIFT_VERSION = 4.2;
				TARGETED_DEVICE_FAMILY = "1,2";
				TEST_HOST = "$(BUILT_PRODUCTS_DIR)/Meal Reminder.app/Meal Reminder";
			};
			name = Release;
		};
		3C500BB62206C88700173682 /* Debug */ = {
			isa = XCBuildConfiguration;
			buildSettings = {
				ALWAYS_EMBED_SWIFT_STANDARD_LIBRARIES = YES;
				CODE_SIGN_STYLE = Automatic;
				INFOPLIST_FILE = "Meal ReminderUITests/Info.plist";
				LD_RUNPATH_SEARCH_PATHS = (
					"$(inherited)",
					"@executable_path/Frameworks",
					"@loader_path/Frameworks",
				);
				PRODUCT_BUNDLE_IDENTIFIER = "yash.com.Meal-ReminderUITests";
				PRODUCT_NAME = "$(TARGET_NAME)";
				SWIFT_VERSION = 4.2;
				TARGETED_DEVICE_FAMILY = "1,2";
				TEST_TARGET_NAME = "Meal Reminder";
			};
			name = Debug;
		};
		3C500BB72206C88700173682 /* Release */ = {
			isa = XCBuildConfiguration;
			buildSettings = {
				ALWAYS_EMBED_SWIFT_STANDARD_LIBRARIES = YES;
				CODE_SIGN_STYLE = Automatic;
				INFOPLIST_FILE = "Meal ReminderUITests/Info.plist";
				LD_RUNPATH_SEARCH_PATHS = (
					"$(inherited)",
					"@executable_path/Frameworks",
					"@loader_path/Frameworks",
				);
				PRODUCT_BUNDLE_IDENTIFIER = "yash.com.Meal-ReminderUITests";
				PRODUCT_NAME = "$(TARGET_NAME)";
				SWIFT_VERSION = 4.2;
				TARGETED_DEVICE_FAMILY = "1,2";
				TEST_TARGET_NAME = "Meal Reminder";
			};
			name = Release;
		};
/* End XCBuildConfiguration section */

/* Begin XCConfigurationList section */
		3C500B822206C88000173682 /* Build configuration list for PBXProject "Meal Reminder" */ = {
			isa = XCConfigurationList;
			buildConfigurations = (
				3C500BAD2206C88700173682 /* Debug */,
				3C500BAE2206C88700173682 /* Release */,
			);
			defaultConfigurationIsVisible = 0;
			defaultConfigurationName = Release;
		};
		3C500BAF2206C88700173682 /* Build configuration list for PBXNativeTarget "Meal Reminder" */ = {
			isa = XCConfigurationList;
			buildConfigurations = (
				3C500BB02206C88700173682 /* Debug */,
				3C500BB12206C88700173682 /* Release */,
			);
			defaultConfigurationIsVisible = 0;
			defaultConfigurationName = Release;
		};
		3C500BB22206C88700173682 /* Build configuration list for PBXNativeTarget "Meal ReminderTests" */ = {
			isa = XCConfigurationList;
			buildConfigurations = (
				3C500BB32206C88700173682 /* Debug */,
				3C500BB42206C88700173682 /* Release */,
			);
			defaultConfigurationIsVisible = 0;
			defaultConfigurationName = Release;
		};
		3C500BB52206C88700173682 /* Build configuration list for PBXNativeTarget "Meal ReminderUITests" */ = {
			isa = XCConfigurationList;
			buildConfigurations = (
				3C500BB62206C88700173682 /* Debug */,
				3C500BB72206C88700173682 /* Release */,
			);
			defaultConfigurationIsVisible = 0;
			defaultConfigurationName = Release;
		};
/* End XCConfigurationList section */
	};
	rootObject = 3C500B7F2206C88000173682 /* Project object */;
}
